Microsoft Visual Studio Solution File, Format Version 12.00
# Visual Studio Version 16
VisualStudioVersion = 16.0.0.0
MinimumVisualStudioVersion = 16.0.0.0
Project("{9A19103F-16F7-4668-BE54-9A1E7A4F7556}") = "Kubernox.WebUi", "Kubernox.WebUi\Kubernox.WebUi.csproj", "{1F63DE21-A541-4913-9E67-019A4DBD3E0E}"
EndProject
Project("{9A19103F-16F7-4668-BE54-9A1E7A4F7556}") = "Kubernox.WebUi.Client", "Kubernox.WebUi.Client\Kubernox.WebUi.Client.csproj", "{02B7739C-CB5F-47B1-8A85-8AC842472860}"
EndProject
Global
	GlobalSection(SolutionConfigurationPlatforms) = preSolution
		Debug|Any CPU = Debug|Any CPU
		Debug|x64 = Debug|x64
		Debug|x86 = Debug|x86
		Release|Any CPU = Release|Any CPU
		Release|x64 = Release|x64
		Release|x86 = Release|x86
	EndGlobalSection
	GlobalSection(ProjectConfigurationPlatforms) = postSolution
		{02B7739C-CB5F-47B1-8A85-8AC842472860}.Debug|Any CPU.ActiveCfg = Debug|Any CPU
		{02B7739C-CB5F-47B1-8A85-8AC842472860}.Debug|Any CPU.Build.0 = Debug|Any CPU
		{02B7739C-CB5F-47B1-8A85-8AC842472860}.Debug|x64.ActiveCfg = Debug|Any CPU
		{02B7739C-CB5F-47B1-8A85-8AC842472860}.Debug|x64.Build.0 = Debug|Any CPU
		{02B7739C-CB5F-47B1-8A85-8AC842472860}.Debug|x86.ActiveCfg = Debug|Any CPU
		{02B7739C-CB5F-47B1-8A85-8AC842472860}.Debug|x86.Build.0 = Debug|Any CPU
		{02B7739C-CB5F-47B1-8A85-8AC842472860}.Release|Any CPU.ActiveCfg = Release|Any CPU
		{02B7739C-CB5F-47B1-8A85-8AC842472860}.Release|Any CPU.Build.0 = Release|Any CPU
		{02B7739C-CB5F-47B1-8A85-8AC842472860}.Release|x64.ActiveCfg = Release|Any CPU
		{02B7739C-CB5F-47B1-8A85-8AC842472860}.Release|x64.Build.0 = Release|Any CPU
		{02B7739C-CB5F-47B1-8A85-8AC842472860}.Release|x86.ActiveCfg = Release|Any CPU
		{02B7739C-CB5F-47B1-8A85-8AC842472860}.Release|x86.Build.0 = Release|Any CPU
		{1F63DE21-A541-4913-9E67-019A4DBD3E0E}.Debug|Any CPU.ActiveCfg = Debug|Any CPU
		{1F63DE21-A541-4913-9E67-019A4DBD3E0E}.Debug|Any CPU.Build.0 = Debug|Any CPU
		{1F63DE21-A541-4913-9E67-019A4DBD3E0E}.Debug|x64.ActiveCfg = Debug|Any CPU
		{1F63DE21-A541-4913-9E67-019A4DBD3E0E}.Debug|x64.Build.0 = Debug|Any CPU
		{1F63DE21-A541-4913-9E67-019A4DBD3E0E}.Debug|x86.ActiveCfg = Debug|Any CPU
		{1F63DE21-A541-4913-9E67-019A4DBD3E0E}.Debug|x86.Build.0 = Debug|Any CPU
		{1F63DE21-A541-4913-9E67-019A4DBD3E0E}.Release|Any CPU.ActiveCfg = Release|Any CPU
		{1F63DE21-A541-4913-9E67-019A4DBD3E0E}.Release|Any CPU.Build.0 = Release|Any CPU
		{1F63DE21-A541-4913-9E67-019A4DBD3E0E}.Release|x64.ActiveCfg = Release|Any CPU
		{1F63DE21-A541-4913-9E67-019A4DBD3E0E}.Release|x64.Build.0 = Release|Any CPU
		{1F63DE21-A541-4913-9E67-019A4DBD3E0E}.Release|x86.ActiveCfg = Release|Any CPU
		{1F63DE21-A541-4913-9E67-019A4DBD3E0E}.Release|x86.Build.0 = Release|Any CPU
	EndGlobalSection
	GlobalSection(SolutionProperties) = preSolution
		HideSolutionNode = FALSE
	EndGlobalSection
	GlobalSection(ExtensibilityGlobals) = postSolution
		SolutionGuid = {126F6FDE-EB88-4F1D-A130-938E9BF6AC5A}
	EndGlobalSection
EndGlobal
